
Microsoft Visual Studio Solution File, Format Version 12.00
# Visual Studio 15
VisualStudioVersion = 15.0.27130.2027
MinimumVisualStudioVersion = 10.0.40219.1
Project("{8BC9CEB8-8B4A-11D0-8D11-00A0C91BC942}") = "Battleship", "Battleship\Battleship.vcxproj", "{00F09812-2270-4125-B167-60F58DC6EF41}"
EndProject
Global
	GlobalSection(SolutionConfigurationPlatforms) = preSolution
		Debug|x64 = Debug|x64
		Debug|x86 = Debug|x86
		Release|x64 = Release|x64
		Release|x86 = Release|x86
	EndGlobalSection
	GlobalSection(ProjectConfigurationPlatforms) = postSolution
		{00F09812-2270-4125-B167-60F58DC6EF41}.Debug|x64.ActiveCfg = Debug|x64
		{00F09812-2270-4125-B167-60F58DC6EF41}.Debug|x64.Build.0 = Debug|x64
		{00F09812-2270-4125-B167-60F58DC6EF41}.Debug|x86.ActiveCfg = Debug|Win32
		{00F09812-2270-4125-B167-60F58DC6EF41}.Debug|x86.Build.0 = Debug|Win32
		{00F09812-2270-4125-B167-60F58DC6EF41}.Release|x64.ActiveCfg = Release|x64
		{00F09812-2270-4125-B167-60F58DC6EF41}.Release|x64.Build.0 = Release|x64
		{00F09812-2270-4125-B167-60F58DC6EF41}.Release|x86.ActiveCfg = Release|Win32
		{00F09812-2270-4125-B167-60F58DC6EF41}.Release|x86.Build.0 = Release|Win32
	EndGlobalSection
	GlobalSection(SolutionProperties) = preSolution
		HideSolutionNode = FALSE
	EndGlobalSection
	GlobalSection(ExtensibilityGlobals) = postSolution
		SolutionGuid = {DBE7DD4D-77E9-48A4-B8DC-9ABBC8098B1C}
	EndGlobalSection
EndGlobal
